
Microsoft Visual Studio Solution File, Format Version 12.00
# Visual Studio Version 16
VisualStudioVersion = 16.0.33214.272
MinimumVisualStudioVersion = 10.0.40219.1
Project("{FAE04EC0-301F-11D3-BF4B-00C04F79EFBC}") = "C_Sharp_Cording_Test_Practice", "C_Sharp_Cording_Test_Practice\C_Sharp_Cording_Test_Practice.csproj", "{DC4AD0F3-DD12-4CE8-A102-FCC9D2EEE2A9}"
EndProject
Global
	GlobalSection(SolutionConfigurationPlatforms) = preSolution
		Debug|Any CPU = Debug|Any CPU
		Release|Any CPU = Release|Any CPU
	EndGlobalSection
	GlobalSection(ProjectConfigurationPlatforms) = postSolution
		{DC4AD0F3-DD12-4CE8-A102-FCC9D2EEE2A9}.Debug|Any CPU.ActiveCfg = Debug|Any CPU
		{DC4AD0F3-DD12-4CE8-A102-FCC9D2EEE2A9}.Debug|Any CPU.Build.0 = Debug|Any CPU
		{DC4AD0F3-DD12-4CE8-A102-FCC9D2EEE2A9}.Release|Any CPU.ActiveCfg = Release|Any CPU
		{DC4AD0F3-DD12-4CE8-A102-FCC9D2EEE2A9}.Release|Any CPU.Build.0 = Release|Any CPU
	EndGlobalSection
	GlobalSection(SolutionProperties) = preSolution
		HideSolutionNode = FALSE
	EndGlobalSection
	GlobalSection(ExtensibilityGlobals) = postSolution
		SolutionGuid = {2DF46706-6A41-4B0F-8176-5268A53FAF73}
	EndGlobalSection
EndGlobal
